
Microsoft Visual Studio Solution File, Format Version 12.00
# Visual Studio Version 16
VisualStudioVersion = 16.0.31911.196
MinimumVisualStudioVersion = 10.0.40219.1
Project("{9A19103F-16F7-4668-BE54-9A1E7A4F7556}") = "ex.01", "ex.01\ex.01.csproj", "{13A9EAE6-29F0-4A71-95A6-D308977D2F3F}"
EndProject
Project("{9A19103F-16F7-4668-BE54-9A1E7A4F7556}") = "Ex.02", "Ex.02\Ex.02.csproj", "{B6FFC14E-1AE1-456C-A577-38D52F525FB4}"
EndProject
Project("{9A19103F-16F7-4668-BE54-9A1E7A4F7556}") = "Ex.03", "Ex.03\Ex.03.csproj", "{F3B5383D-CDD3-492F-8216-DFEE6DC2AE78}"
EndProject
Project("{9A19103F-16F7-4668-BE54-9A1E7A4F7556}") = "Ex.04", "Ex.4\Ex.04.csproj", "{1A9A7F75-7EE8-45FF-BDC0-CAFDF6FEF495}"
EndProject
Project("{9A19103F-16F7-4668-BE54-9A1E7A4F7556}") = "Ex.05", "Ex.05\Ex.05.csproj", "{5288F0E9-6151-454F-8FA9-CCCE6BDBEF12}"
EndProject
Project("{9A19103F-16F7-4668-BE54-9A1E7A4F7556}") = "Ex.06", "Ex.06\Ex.06.csproj", "{254A876D-88B4-4A0B-A1A5-C4933FB98DF2}"
EndProject
Project("{FAE04EC0-301F-11D3-BF4B-00C04F79EFBC}") = "Ex.07", "Ex.07\Ex.07.csproj", "{2DCD1B0A-AE91-46B8-8935-31F7A4EDB98D}"
EndProject
Project("{FAE04EC0-301F-11D3-BF4B-00C04F79EFBC}") = "Ex.08", "Ex.08\Ex.08.csproj", "{A95C5A61-5BB8-43F6-8BF0-6ECDB4FD9145}"
EndProject
Project("{FAE04EC0-301F-11D3-BF4B-00C04F79EFBC}") = "Ex.09", "Ex.09\Ex.09.csproj", "{3651EA37-9093-4F19-82FF-5A8468BE3ABD}"
EndProject
Project("{FAE04EC0-301F-11D3-BF4B-00C04F79EFBC}") = "Ex.10", "Ex.10\Ex.10.csproj", "{3B7F1288-8421-4B27-A076-53A3434A60D9}"
EndProject
Project("{FAE04EC0-301F-11D3-BF4B-00C04F79EFBC}") = "Ex.11", "Ex.11\Ex.11.csproj", "{CA01BA19-12D1-4C13-9A15-9C6648F72FF0}"
EndProject
Global
	GlobalSection(SolutionConfigurationPlatforms) = preSolution
		Debug|Any CPU = Debug|Any CPU
		Release|Any CPU = Release|Any CPU
	EndGlobalSection
	GlobalSection(ProjectConfigurationPlatforms) = postSolution
		{13A9EAE6-29F0-4A71-95A6-D308977D2F3F}.Debug|Any CPU.ActiveCfg = Debug|Any CPU
		{13A9EAE6-29F0-4A71-95A6-D308977D2F3F}.Debug|Any CPU.Build.0 = Debug|Any CPU
		{13A9EAE6-29F0-4A71-95A6-D308977D2F3F}.Release|Any CPU.ActiveCfg = Release|Any CPU
		{13A9EAE6-29F0-4A71-95A6-D308977D2F3F}.Release|Any CPU.Build.0 = Release|Any CPU
		{B6FFC14E-1AE1-456C-A577-38D52F525FB4}.Debug|Any CPU.ActiveCfg = Debug|Any CPU
		{B6FFC14E-1AE1-456C-A577-38D52F525FB4}.Debug|Any CPU.Build.0 = Debug|Any CPU
		{B6FFC14E-1AE1-456C-A577-38D52F525FB4}.Release|Any CPU.ActiveCfg = Release|Any CPU
		{B6FFC14E-1AE1-456C-A577-38D52F525FB4}.Release|Any CPU.Build.0 = Release|Any CPU
		{F3B5383D-CDD3-492F-8216-DFEE6DC2AE78}.Debug|Any CPU.ActiveCfg = Debug|Any CPU
		{F3B5383D-CDD3-492F-8216-DFEE6DC2AE78}.Debug|Any CPU.Build.0 = Debug|Any CPU
		{F3B5383D-CDD3-492F-8216-DFEE6DC2AE78}.Release|Any CPU.ActiveCfg = Release|Any CPU
		{F3B5383D-CDD3-492F-8216-DFEE6DC2AE78}.Release|Any CPU.Build.0 = Release|Any CPU
		{1A9A7F75-7EE8-45FF-BDC0-CAFDF6FEF495}.Debug|Any CPU.ActiveCfg = Debug|Any CPU
		{1A9A7F75-7EE8-45FF-BDC0-CAFDF6FEF495}.Debug|Any CPU.Build.0 = Debug|Any CPU
		{1A9A7F75-7EE8-45FF-BDC0-CAFDF6FEF495}.Release|Any CPU.ActiveCfg = Release|Any CPU
		{1A9A7F75-7EE8-45FF-BDC0-CAFDF6FEF495}.Release|Any CPU.Build.0 = Release|Any CPU
		{5288F0E9-6151-454F-8FA9-CCCE6BDBEF12}.Debug|Any CPU.ActiveCfg = Debug|Any CPU
		{5288F0E9-6151-454F-8FA9-CCCE6BDBEF12}.Debug|Any CPU.Build.0 = Debug|Any CPU
		{5288F0E9-6151-454F-8FA9-CCCE6BDBEF12}.Release|Any CPU.ActiveCfg = Release|Any CPU
		{5288F0E9-6151-454F-8FA9-CCCE6BDBEF12}.Release|Any CPU.Build.0 = Release|Any CPU
		{254A876D-88B4-4A0B-A1A5-C4933FB98DF2}.Debug|Any CPU.ActiveCfg = Debug|Any CPU
		{254A876D-88B4-4A0B-A1A5-C4933FB98DF2}.Debug|Any CPU.Build.0 = Debug|Any CPU
		{254A876D-88B4-4A0B-A1A5-C4933FB98DF2}.Release|Any CPU.ActiveCfg = Release|Any CPU
		{254A876D-88B4-4A0B-A1A5-C4933FB98DF2}.Release|Any CPU.Build.0 = Release|Any CPU
		{2DCD1B0A-AE91-46B8-8935-31F7A4EDB98D}.Debug|Any CPU.ActiveCfg = Debug|Any CPU
		{2DCD1B0A-AE91-46B8-8935-31F7A4EDB98D}.Debug|Any CPU.Build.0 = Debug|Any CPU
		{2DCD1B0A-AE91-46B8-8935-31F7A4EDB98D}.Release|Any CPU.ActiveCfg = Release|Any CPU
		{2DCD1B0A-AE91-46B8-8935-31F7A4EDB98D}.Release|Any CPU.Build.0 = Release|Any CPU
		{A95C5A61-5BB8-43F6-8BF0-6ECDB4FD9145}.Debug|Any CPU.ActiveCfg = Debug|Any CPU
		{A95C5A61-5BB8-43F6-8BF0-6ECDB4FD9145}.Debug|Any CPU.Build.0 = Debug|Any CPU
		{A95C5A61-5BB8-43F6-8BF0-6ECDB4FD9145}.Release|Any CPU.ActiveCfg = Release|Any CPU
		{A95C5A61-5BB8-43F6-8BF0-6ECDB4FD9145}.Release|Any CPU.Build.0 = Release|Any CPU
		{3651EA37-9093-4F19-82FF-5A8468BE3ABD}.Debug|Any CPU.ActiveCfg = Debug|Any CPU
		{3651EA37-9093-4F19-82FF-5A8468BE3ABD}.Debug|Any CPU.Build.0 = Debug|Any CPU
		{3651EA37-9093-4F19-82FF-5A8468BE3ABD}.Release|Any CPU.ActiveCfg = Release|Any CPU
		{3651EA37-9093-4F19-82FF-5A8468BE3ABD}.Release|Any CPU.Build.0 = Release|Any CPU
		{3B7F1288-8421-4B27-A076-53A3434A60D9}.Debug|Any CPU.ActiveCfg = Debug|Any CPU
		{3B7F1288-8421-4B27-A076-53A3434A60D9}.Debug|Any CPU.Build.0 = Debug|Any CPU
		{3B7F1288-8421-4B27-A076-53A3434A60D9}.Release|Any CPU.ActiveCfg = Release|Any CPU
		{3B7F1288-8421-4B27-A076-53A3434A60D9}.Release|Any CPU.Build.0 = Release|Any CPU
		{CA01BA19-12D1-4C13-9A15-9C6648F72FF0}.Debug|Any CPU.ActiveCfg = Debug|Any CPU
		{CA01BA19-12D1-4C13-9A15-9C6648F72FF0}.Debug|Any CPU.Build.0 = Debug|Any CPU
		{CA01BA19-12D1-4C13-9A15-9C6648F72FF0}.Release|Any CPU.ActiveCfg = Release|Any CPU
		{CA01BA19-12D1-4C13-9A15-9C6648F72FF0}.Release|Any CPU.Build.0 = Release|Any CPU
	EndGlobalSection
	GlobalSection(SolutionProperties) = preSolution
		HideSolutionNode = FALSE
	EndGlobalSection
	GlobalSection(ExtensibilityGlobals) = postSolution
		SolutionGuid = {49318EAB-3150-49FD-8F70-E0FD567DEBF6}
	EndGlobalSection
EndGlobal
